
Microsoft Visual Studio Solution File, Format Version 12.00
# Visual Studio 14
VisualStudioVersion = 14.0.24720.0
MinimumVisualStudioVersion = 10.0.40219.1
Project("{FAE04EC0-301F-11D3-BF4B-00C04F79EFBC}") = "HuntersService", "HuntersService\HuntersService.csproj", "{284735D9-2CD9-46E7-BD35-6BCC7DA14913}"
EndProject
Project("{FAE04EC0-301F-11D3-BF4B-00C04F79EFBC}") = "NewHuntersWP", "NewHuntersWP\NewHuntersWP.csproj", "{EDD991E2-17DA-4408-B2AC-F6D1079ABE80}"
	ProjectSection(ProjectDependencies) = postProject
		{284735D9-2CD9-46E7-BD35-6BCC7DA14913} = {284735D9-2CD9-46E7-BD35-6BCC7DA14913}
	EndProjectSection
EndProject
Project("{FAE04EC0-301F-11D3-BF4B-00C04F79EFBC}") = "TestConsoleApplication", "TestConsoleApplication\TestConsoleApplication.csproj", "{C0CF5553-2B8E-4256-88F2-A00AADAF49C6}"
	ProjectSection(ProjectDependencies) = postProject
		{284735D9-2CD9-46E7-BD35-6BCC7DA14913} = {284735D9-2CD9-46E7-BD35-6BCC7DA14913}
	EndProjectSection
EndProject
Project("{FAE04EC0-301F-11D3-BF4B-00C04F79EFBC}") = "netmera-net", "NetmeraNet\netmera-net.csproj", "{075AC825-6B3E-4ED1-A9BA-535C228BB3D3}"
EndProject
Project("{2150E333-8FDC-42A3-9474-1A3956D46DE8}") = ".nuget", ".nuget", "{E7D0F3D2-131D-4395-AA01-E7E95AC60D3A}"
	ProjectSection(SolutionItems) = preProject
		.nuget\NuGet.Config = .nuget\NuGet.Config
		.nuget\NuGet.exe = .nuget\NuGet.exe
		.nuget\NuGet.targets = .nuget\NuGet.targets
	EndProjectSection
EndProject
Project("{FAE04EC0-301F-11D3-BF4B-00C04F79EFBC}") = "DbImporter", "DbImporter\DbImporter.csproj", "{6C66DC87-9F58-46D6-AC27-C13E65D02261}"
EndProject
Global
	GlobalSection(SolutionConfigurationPlatforms) = preSolution
		Debug|Any CPU = Debug|Any CPU
		Debug|ARM = Debug|ARM
		Debug|Mixed Platforms = Debug|Mixed Platforms
		Debug|Win32 = Debug|Win32
		Debug|x64 = Debug|x64
		Debug|x86 = Debug|x86
		HuntersV2|Any CPU = HuntersV2|Any CPU
		HuntersV2|ARM = HuntersV2|ARM
		HuntersV2|Mixed Platforms = HuntersV2|Mixed Platforms
		HuntersV2|Win32 = HuntersV2|Win32
		HuntersV2|x64 = HuntersV2|x64
		HuntersV2|x86 = HuntersV2|x86
		Release|Any CPU = Release|Any CPU
		Release|ARM = Release|ARM
		Release|Mixed Platforms = Release|Mixed Platforms
		Release|Win32 = Release|Win32
		Release|x64 = Release|x64
		Release|x86 = Release|x86
		Test|Any CPU = Test|Any CPU
		Test|ARM = Test|ARM
		Test|Mixed Platforms = Test|Mixed Platforms
		Test|Win32 = Test|Win32
		Test|x64 = Test|x64
		Test|x86 = Test|x86
	EndGlobalSection
	GlobalSection(ProjectConfigurationPlatforms) = postSolution
		{284735D9-2CD9-46E7-BD35-6BCC7DA14913}.Debug|Any CPU.ActiveCfg = Debug|Any CPU
		{284735D9-2CD9-46E7-BD35-6BCC7DA14913}.Debug|Any CPU.Build.0 = Debug|Any CPU
		{284735D9-2CD9-46E7-BD35-6BCC7DA14913}.Debug|ARM.ActiveCfg = Debug|Any CPU
		{284735D9-2CD9-46E7-BD35-6BCC7DA14913}.Debug|Mixed Platforms.ActiveCfg = Debug|Any CPU
		{284735D9-2CD9-46E7-BD35-6BCC7DA14913}.Debug|Mixed Platforms.Build.0 = Debug|Any CPU
		{284735D9-2CD9-46E7-BD35-6BCC7DA14913}.Debug|Win32.ActiveCfg = Debug|Any CPU
		{284735D9-2CD9-46E7-BD35-6BCC7DA14913}.Debug|x64.ActiveCfg = Debug|Any CPU
		{284735D9-2CD9-46E7-BD35-6BCC7DA14913}.Debug|x86.ActiveCfg = Debug|Any CPU
		{284735D9-2CD9-46E7-BD35-6BCC7DA14913}.Debug|x86.Build.0 = Debug|Any CPU
		{284735D9-2CD9-46E7-BD35-6BCC7DA14913}.HuntersV2|Any CPU.ActiveCfg = HuntersV2|Any CPU
		{284735D9-2CD9-46E7-BD35-6BCC7DA14913}.HuntersV2|Any CPU.Build.0 = HuntersV2|Any CPU
		{284735D9-2CD9-46E7-BD35-6BCC7DA14913}.HuntersV2|ARM.ActiveCfg = Release|Any CPU
		{284735D9-2CD9-46E7-BD35-6BCC7DA14913}.HuntersV2|Mixed Platforms.ActiveCfg = HuntersV2|Any CPU
		{284735D9-2CD9-46E7-BD35-6BCC7DA14913}.HuntersV2|Win32.ActiveCfg = HuntersV2|Any CPU
		{284735D9-2CD9-46E7-BD35-6BCC7DA14913}.HuntersV2|x64.ActiveCfg = HuntersV2|Any CPU
		{284735D9-2CD9-46E7-BD35-6BCC7DA14913}.HuntersV2|x86.ActiveCfg = HuntersV2|Any CPU
		{284735D9-2CD9-46E7-BD35-6BCC7DA14913}.Release|Any CPU.ActiveCfg = Release|Any CPU
		{284735D9-2CD9-46E7-BD35-6BCC7DA14913}.Release|Any CPU.Build.0 = Release|Any CPU
		{284735D9-2CD9-46E7-BD35-6BCC7DA14913}.Release|ARM.ActiveCfg = Release|Any CPU
		{284735D9-2CD9-46E7-BD35-6BCC7DA14913}.Release|Mixed Platforms.ActiveCfg = Release|Any CPU
		{284735D9-2CD9-46E7-BD35-6BCC7DA14913}.Release|Mixed Platforms.Build.0 = Release|Any CPU
		{284735D9-2CD9-46E7-BD35-6BCC7DA14913}.Release|Win32.ActiveCfg = Release|Any CPU
		{284735D9-2CD9-46E7-BD35-6BCC7DA14913}.Release|x64.ActiveCfg = Release|Any CPU
		{284735D9-2CD9-46E7-BD35-6BCC7DA14913}.Release|x86.ActiveCfg = Release|Any CPU
		{284735D9-2CD9-46E7-BD35-6BCC7DA14913}.Test|Any CPU.ActiveCfg = Test|Any CPU
		{284735D9-2CD9-46E7-BD35-6BCC7DA14913}.Test|Any CPU.Build.0 = Test|Any CPU
		{284735D9-2CD9-46E7-BD35-6BCC7DA14913}.Test|ARM.ActiveCfg = Test|Any CPU
		{284735D9-2CD9-46E7-BD35-6BCC7DA14913}.Test|Mixed Platforms.ActiveCfg = Test|Any CPU
		{284735D9-2CD9-46E7-BD35-6BCC7DA14913}.Test|Mixed Platforms.Build.0 = Test|Any CPU
		{284735D9-2CD9-46E7-BD35-6BCC7DA14913}.Test|Win32.ActiveCfg = Test|Any CPU
		{284735D9-2CD9-46E7-BD35-6BCC7DA14913}.Test|x64.ActiveCfg = Test|Any CPU
		{284735D9-2CD9-46E7-BD35-6BCC7DA14913}.Test|x86.ActiveCfg = Test|Any CPU
		{EDD991E2-17DA-4408-B2AC-F6D1079ABE80}.Debug|Any CPU.ActiveCfg = Debug|Any CPU
		{EDD991E2-17DA-4408-B2AC-F6D1079ABE80}.Debug|ARM.ActiveCfg = Debug|ARM
		{EDD991E2-17DA-4408-B2AC-F6D1079ABE80}.Debug|ARM.Build.0 = Debug|ARM
		{EDD991E2-17DA-4408-B2AC-F6D1079ABE80}.Debug|ARM.Deploy.0 = Debug|ARM
		{EDD991E2-17DA-4408-B2AC-F6D1079ABE80}.Debug|Mixed Platforms.ActiveCfg = Debug|x86
		{EDD991E2-17DA-4408-B2AC-F6D1079ABE80}.Debug|Mixed Platforms.Build.0 = Debug|x86
		{EDD991E2-17DA-4408-B2AC-F6D1079ABE80}.Debug|Mixed Platforms.Deploy.0 = Debug|x86
		{EDD991E2-17DA-4408-B2AC-F6D1079ABE80}.Debug|Win32.ActiveCfg = Debug|x86
		{EDD991E2-17DA-4408-B2AC-F6D1079ABE80}.Debug|Win32.Build.0 = Debug|x86
		{EDD991E2-17DA-4408-B2AC-F6D1079ABE80}.Debug|Win32.Deploy.0 = Debug|x86
		{EDD991E2-17DA-4408-B2AC-F6D1079ABE80}.Debug|x64.ActiveCfg = Debug|Any CPU
		{EDD991E2-17DA-4408-B2AC-F6D1079ABE80}.Debug|x86.ActiveCfg = Debug|x86
		{EDD991E2-17DA-4408-B2AC-F6D1079ABE80}.Debug|x86.Build.0 = Debug|x86
		{EDD991E2-17DA-4408-B2AC-F6D1079ABE80}.Debug|x86.Deploy.0 = Debug|x86
		{EDD991E2-17DA-4408-B2AC-F6D1079ABE80}.HuntersV2|Any CPU.ActiveCfg = HuntersV2|Any CPU
		{EDD991E2-17DA-4408-B2AC-F6D1079ABE80}.HuntersV2|Any CPU.Build.0 = HuntersV2|Any CPU
		{EDD991E2-17DA-4408-B2AC-F6D1079ABE80}.HuntersV2|Any CPU.Deploy.0 = HuntersV2|Any CPU
		{EDD991E2-17DA-4408-B2AC-F6D1079ABE80}.HuntersV2|ARM.ActiveCfg = Release|ARM
		{EDD991E2-17DA-4408-B2AC-F6D1079ABE80}.HuntersV2|ARM.Build.0 = Release|ARM
		{EDD991E2-17DA-4408-B2AC-F6D1079ABE80}.HuntersV2|ARM.Deploy.0 = Release|ARM
		{EDD991E2-17DA-4408-B2AC-F6D1079ABE80}.HuntersV2|Mixed Platforms.ActiveCfg = HuntersV2|x86
		{EDD991E2-17DA-4408-B2AC-F6D1079ABE80}.HuntersV2|Mixed Platforms.Build.0 = HuntersV2|x86
		{EDD991E2-17DA-4408-B2AC-F6D1079ABE80}.HuntersV2|Mixed Platforms.Deploy.0 = HuntersV2|x86
		{EDD991E2-17DA-4408-B2AC-F6D1079ABE80}.HuntersV2|Win32.ActiveCfg = HuntersV2|x86
		{EDD991E2-17DA-4408-B2AC-F6D1079ABE80}.HuntersV2|Win32.Build.0 = HuntersV2|x86
		{EDD991E2-17DA-4408-B2AC-F6D1079ABE80}.HuntersV2|Win32.Deploy.0 = HuntersV2|x86
		{EDD991E2-17DA-4408-B2AC-F6D1079ABE80}.HuntersV2|x64.ActiveCfg = HuntersV2|Any CPU
		{EDD991E2-17DA-4408-B2AC-F6D1079ABE80}.HuntersV2|x86.ActiveCfg = HuntersV2|x86
		{EDD991E2-17DA-4408-B2AC-F6D1079ABE80}.HuntersV2|x86.Build.0 = HuntersV2|x86
		{EDD991E2-17DA-4408-B2AC-F6D1079ABE80}.HuntersV2|x86.Deploy.0 = HuntersV2|x86
		{EDD991E2-17DA-4408-B2AC-F6D1079ABE80}.Release|Any CPU.ActiveCfg = Release|Any CPU
		{EDD991E2-17DA-4408-B2AC-F6D1079ABE80}.Release|Any CPU.Deploy.0 = Release|Any CPU
		{EDD991E2-17DA-4408-B2AC-F6D1079ABE80}.Release|ARM.ActiveCfg = Release|ARM
		{EDD991E2-17DA-4408-B2AC-F6D1079ABE80}.Release|ARM.Build.0 = Release|ARM
		{EDD991E2-17DA-4408-B2AC-F6D1079ABE80}.Release|ARM.Deploy.0 = Release|ARM
		{EDD991E2-17DA-4408-B2AC-F6D1079ABE80}.Release|Mixed Platforms.ActiveCfg = Release|x86
		{EDD991E2-17DA-4408-B2AC-F6D1079ABE80}.Release|Mixed Platforms.Build.0 = Release|x86
		{EDD991E2-17DA-4408-B2AC-F6D1079ABE80}.Release|Mixed Platforms.Deploy.0 = Release|x86
		{EDD991E2-17DA-4408-B2AC-F6D1079ABE80}.Release|Win32.ActiveCfg = Release|x86
		{EDD991E2-17DA-4408-B2AC-F6D1079ABE80}.Release|Win32.Build.0 = Release|x86
		{EDD991E2-17DA-4408-B2AC-F6D1079ABE80}.Release|Win32.Deploy.0 = Release|x86
		{EDD991E2-17DA-4408-B2AC-F6D1079ABE80}.Release|x64.ActiveCfg = Release|Any CPU
		{EDD991E2-17DA-4408-B2AC-F6D1079ABE80}.Release|x86.ActiveCfg = Release|x86
		{EDD991E2-17DA-4408-B2AC-F6D1079ABE80}.Release|x86.Build.0 = Release|x86
		{EDD991E2-17DA-4408-B2AC-F6D1079ABE80}.Release|x86.Deploy.0 = Release|x86
		{EDD991E2-17DA-4408-B2AC-F6D1079ABE80}.Test|Any CPU.ActiveCfg = Test|Any CPU
		{EDD991E2-17DA-4408-B2AC-F6D1079ABE80}.Test|ARM.ActiveCfg = Test|ARM
		{EDD991E2-17DA-4408-B2AC-F6D1079ABE80}.Test|ARM.Build.0 = Test|ARM
		{EDD991E2-17DA-4408-B2AC-F6D1079ABE80}.Test|ARM.Deploy.0 = Test|ARM
		{EDD991E2-17DA-4408-B2AC-F6D1079ABE80}.Test|Mixed Platforms.ActiveCfg = Test|x86
		{EDD991E2-17DA-4408-B2AC-F6D1079ABE80}.Test|Mixed Platforms.Build.0 = Test|x86
		{EDD991E2-17DA-4408-B2AC-F6D1079ABE80}.Test|Mixed Platforms.Deploy.0 = Test|x86
		{EDD991E2-17DA-4408-B2AC-F6D1079ABE80}.Test|Win32.ActiveCfg = Test|x86
		{EDD991E2-17DA-4408-B2AC-F6D1079ABE80}.Test|Win32.Build.0 = Test|x86
		{EDD991E2-17DA-4408-B2AC-F6D1079ABE80}.Test|Win32.Deploy.0 = Test|x86
		{EDD991E2-17DA-4408-B2AC-F6D1079ABE80}.Test|x64.ActiveCfg = Test|Any CPU
		{EDD991E2-17DA-4408-B2AC-F6D1079ABE80}.Test|x86.ActiveCfg = Test|x86
		{EDD991E2-17DA-4408-B2AC-F6D1079ABE80}.Test|x86.Build.0 = Test|x86
		{EDD991E2-17DA-4408-B2AC-F6D1079ABE80}.Test|x86.Deploy.0 = Test|x86
		{C0CF5553-2B8E-4256-88F2-A00AADAF49C6}.Debug|Any CPU.ActiveCfg = Debug|Any CPU
		{C0CF5553-2B8E-4256-88F2-A00AADAF49C6}.Debug|Any CPU.Build.0 = Debug|Any CPU
		{C0CF5553-2B8E-4256-88F2-A00AADAF49C6}.Debug|ARM.ActiveCfg = Debug|Any CPU
		{C0CF5553-2B8E-4256-88F2-A00AADAF49C6}.Debug|Mixed Platforms.ActiveCfg = Debug|Any CPU
		{C0CF5553-2B8E-4256-88F2-A00AADAF49C6}.Debug|Mixed Platforms.Build.0 = Debug|Any CPU
		{C0CF5553-2B8E-4256-88F2-A00AADAF49C6}.Debug|Win32.ActiveCfg = Debug|Any CPU
		{C0CF5553-2B8E-4256-88F2-A00AADAF49C6}.Debug|x64.ActiveCfg = Debug|Any CPU
		{C0CF5553-2B8E-4256-88F2-A00AADAF49C6}.Debug|x86.ActiveCfg = Debug|Any CPU
		{C0CF5553-2B8E-4256-88F2-A00AADAF49C6}.Debug|x86.Build.0 = Debug|Any CPU
		{C0CF5553-2B8E-4256-88F2-A00AADAF49C6}.HuntersV2|Any CPU.ActiveCfg = HuntersV2|Any CPU
		{C0CF5553-2B8E-4256-88F2-A00AADAF49C6}.HuntersV2|Any CPU.Build.0 = HuntersV2|Any CPU
		{C0CF5553-2B8E-4256-88F2-A00AADAF49C6}.HuntersV2|ARM.ActiveCfg = Release|Any CPU
		{C0CF5553-2B8E-4256-88F2-A00AADAF49C6}.HuntersV2|Mixed Platforms.ActiveCfg = HuntersV2|Any CPU
		{C0CF5553-2B8E-4256-88F2-A00AADAF49C6}.HuntersV2|Win32.ActiveCfg = HuntersV2|Any CPU
		{C0CF5553-2B8E-4256-88F2-A00AADAF49C6}.HuntersV2|x64.ActiveCfg = HuntersV2|Any CPU
		{C0CF5553-2B8E-4256-88F2-A00AADAF49C6}.HuntersV2|x86.ActiveCfg = HuntersV2|Any CPU
		{C0CF5553-2B8E-4256-88F2-A00AADAF49C6}.Release|Any CPU.ActiveCfg = Release|Any CPU
		{C0CF5553-2B8E-4256-88F2-A00AADAF49C6}.Release|Any CPU.Build.0 = Release|Any CPU
		{C0CF5553-2B8E-4256-88F2-A00AADAF49C6}.Release|ARM.ActiveCfg = Release|Any CPU
		{C0CF5553-2B8E-4256-88F2-A00AADAF49C6}.Release|Mixed Platforms.ActiveCfg = Release|Any CPU
		{C0CF5553-2B8E-4256-88F2-A00AADAF49C6}.Release|Mixed Platforms.Build.0 = Release|Any CPU
		{C0CF5553-2B8E-4256-88F2-A00AADAF49C6}.Release|Win32.ActiveCfg = Release|Any CPU
		{C0CF5553-2B8E-4256-88F2-A00AADAF49C6}.Release|x64.ActiveCfg = Release|Any CPU
		{C0CF5553-2B8E-4256-88F2-A00AADAF49C6}.Release|x86.ActiveCfg = Release|Any CPU
		{C0CF5553-2B8E-4256-88F2-A00AADAF49C6}.Test|Any CPU.ActiveCfg = Test|Any CPU
		{C0CF5553-2B8E-4256-88F2-A00AADAF49C6}.Test|Any CPU.Build.0 = Test|Any CPU
		{C0CF5553-2B8E-4256-88F2-A00AADAF49C6}.Test|ARM.ActiveCfg = Test|Any CPU
		{C0CF5553-2B8E-4256-88F2-A00AADAF49C6}.Test|Mixed Platforms.ActiveCfg = Test|Any CPU
		{C0CF5553-2B8E-4256-88F2-A00AADAF49C6}.Test|Mixed Platforms.Build.0 = Test|Any CPU
		{C0CF5553-2B8E-4256-88F2-A00AADAF49C6}.Test|Win32.ActiveCfg = Test|Any CPU
		{C0CF5553-2B8E-4256-88F2-A00AADAF49C6}.Test|x64.ActiveCfg = Test|Any CPU
		{C0CF5553-2B8E-4256-88F2-A00AADAF49C6}.Test|x86.ActiveCfg = Test|Any CPU
		{075AC825-6B3E-4ED1-A9BA-535C228BB3D3}.Debug|Any CPU.ActiveCfg = Debug|Any CPU
		{075AC825-6B3E-4ED1-A9BA-535C228BB3D3}.Debug|Any CPU.Build.0 = Debug|Any CPU
		{075AC825-6B3E-4ED1-A9BA-535C228BB3D3}.Debug|ARM.ActiveCfg = Debug|Any CPU
		{075AC825-6B3E-4ED1-A9BA-535C228BB3D3}.Debug|Mixed Platforms.ActiveCfg = Debug|Any CPU
		{075AC825-6B3E-4ED1-A9BA-535C228BB3D3}.Debug|Mixed Platforms.Build.0 = Debug|Any CPU
		{075AC825-6B3E-4ED1-A9BA-535C228BB3D3}.Debug|Win32.ActiveCfg = Debug|Any CPU
		{075AC825-6B3E-4ED1-A9BA-535C228BB3D3}.Debug|x64.ActiveCfg = Debug|Any CPU
		{075AC825-6B3E-4ED1-A9BA-535C228BB3D3}.Debug|x86.ActiveCfg = Debug|Any CPU
		{075AC825-6B3E-4ED1-A9BA-535C228BB3D3}.HuntersV2|Any CPU.ActiveCfg = HuntersV2|Any CPU
		{075AC825-6B3E-4ED1-A9BA-535C228BB3D3}.HuntersV2|Any CPU.Build.0 = HuntersV2|Any CPU
		{075AC825-6B3E-4ED1-A9BA-535C228BB3D3}.HuntersV2|ARM.ActiveCfg = Release|Any CPU
		{075AC825-6B3E-4ED1-A9BA-535C228BB3D3}.HuntersV2|Mixed Platforms.ActiveCfg = HuntersV2|Any CPU
		{075AC825-6B3E-4ED1-A9BA-535C228BB3D3}.HuntersV2|Mixed Platforms.Build.0 = HuntersV2|Any CPU
		{075AC825-6B3E-4ED1-A9BA-535C228BB3D3}.HuntersV2|Win32.ActiveCfg = HuntersV2|Any CPU
		{075AC825-6B3E-4ED1-A9BA-535C228BB3D3}.HuntersV2|x64.ActiveCfg = HuntersV2|Any CPU
		{075AC825-6B3E-4ED1-A9BA-535C228BB3D3}.HuntersV2|x86.ActiveCfg = HuntersV2|Any CPU
		{075AC825-6B3E-4ED1-A9BA-535C228BB3D3}.Release|Any CPU.ActiveCfg = Release|Any CPU
		{075AC825-6B3E-4ED1-A9BA-535C228BB3D3}.Release|Any CPU.Build.0 = Release|Any CPU
		{075AC825-6B3E-4ED1-A9BA-535C228BB3D3}.Release|ARM.ActiveCfg = Release|Any CPU
		{075AC825-6B3E-4ED1-A9BA-535C228BB3D3}.Release|Mixed Platforms.ActiveCfg = Release|Any CPU
		{075AC825-6B3E-4ED1-A9BA-535C228BB3D3}.Release|Mixed Platforms.Build.0 = Release|Any CPU
		{075AC825-6B3E-4ED1-A9BA-535C228BB3D3}.Release|Win32.ActiveCfg = Release|Any CPU
		{075AC825-6B3E-4ED1-A9BA-535C228BB3D3}.Release|x64.ActiveCfg = Release|Any CPU
		{075AC825-6B3E-4ED1-A9BA-535C228BB3D3}.Release|x86.ActiveCfg = Release|Any CPU
		{075AC825-6B3E-4ED1-A9BA-535C228BB3D3}.Test|Any CPU.ActiveCfg = Test|Any CPU
		{075AC825-6B3E-4ED1-A9BA-535C228BB3D3}.Test|Any CPU.Build.0 = Test|Any CPU
		{075AC825-6B3E-4ED1-A9BA-535C228BB3D3}.Test|ARM.ActiveCfg = Test|Any CPU
		{075AC825-6B3E-4ED1-A9BA-535C228BB3D3}.Test|Mixed Platforms.ActiveCfg = Test|Any CPU
		{075AC825-6B3E-4ED1-A9BA-535C228BB3D3}.Test|Mixed Platforms.Build.0 = Test|Any CPU
		{075AC825-6B3E-4ED1-A9BA-535C228BB3D3}.Test|Win32.ActiveCfg = Test|Any CPU
		{075AC825-6B3E-4ED1-A9BA-535C228BB3D3}.Test|x64.ActiveCfg = Test|Any CPU
		{075AC825-6B3E-4ED1-A9BA-535C228BB3D3}.Test|x86.ActiveCfg = Test|Any CPU
		{6C66DC87-9F58-46D6-AC27-C13E65D02261}.Debug|Any CPU.ActiveCfg = Debug|Any CPU
		{6C66DC87-9F58-46D6-AC27-C13E65D02261}.Debug|Any CPU.Build.0 = Debug|Any CPU
		{6C66DC87-9F58-46D6-AC27-C13E65D02261}.Debug|ARM.ActiveCfg = Debug|Any CPU
		{6C66DC87-9F58-46D6-AC27-C13E65D02261}.Debug|Mixed Platforms.ActiveCfg = Debug|Any CPU
		{6C66DC87-9F58-46D6-AC27-C13E65D02261}.Debug|Mixed Platforms.Build.0 = Debug|Any CPU
		{6C66DC87-9F58-46D6-AC27-C13E65D02261}.Debug|Win32.ActiveCfg = Debug|Any CPU
		{6C66DC87-9F58-46D6-AC27-C13E65D02261}.Debug|x64.ActiveCfg = Debug|Any CPU
		{6C66DC87-9F58-46D6-AC27-C13E65D02261}.Debug|x86.ActiveCfg = Debug|Any CPU
		{6C66DC87-9F58-46D6-AC27-C13E65D02261}.HuntersV2|Any CPU.ActiveCfg = Release|Any CPU
		{6C66DC87-9F58-46D6-AC27-C13E65D02261}.HuntersV2|Any CPU.Build.0 = Release|Any CPU
		{6C66DC87-9F58-46D6-AC27-C13E65D02261}.HuntersV2|ARM.ActiveCfg = Release|Any CPU
		{6C66DC87-9F58-46D6-AC27-C13E65D02261}.HuntersV2|Mixed Platforms.ActiveCfg = Release|Any CPU
		{6C66DC87-9F58-46D6-AC27-C13E65D02261}.HuntersV2|Mixed Platforms.Build.0 = Release|Any CPU
		{6C66DC87-9F58-46D6-AC27-C13E65D02261}.HuntersV2|Win32.ActiveCfg = Release|Any CPU
		{6C66DC87-9F58-46D6-AC27-C13E65D02261}.HuntersV2|x64.ActiveCfg = Release|Any CPU
		{6C66DC87-9F58-46D6-AC27-C13E65D02261}.HuntersV2|x86.ActiveCfg = Release|Any CPU
		{6C66DC87-9F58-46D6-AC27-C13E65D02261}.Release|Any CPU.ActiveCfg = Release|Any CPU
		{6C66DC87-9F58-46D6-AC27-C13E65D02261}.Release|Any CPU.Build.0 = Release|Any CPU
		{6C66DC87-9F58-46D6-AC27-C13E65D02261}.Release|ARM.ActiveCfg = Release|Any CPU
		{6C66DC87-9F58-46D6-AC27-C13E65D02261}.Release|Mixed Platforms.ActiveCfg = Release|Any CPU
		{6C66DC87-9F58-46D6-AC27-C13E65D02261}.Release|Mixed Platforms.Build.0 = Release|Any CPU
		{6C66DC87-9F58-46D6-AC27-C13E65D02261}.Release|Win32.ActiveCfg = Release|Any CPU
		{6C66DC87-9F58-46D6-AC27-C13E65D02261}.Release|x64.ActiveCfg = Release|Any CPU
		{6C66DC87-9F58-46D6-AC27-C13E65D02261}.Release|x86.ActiveCfg = Release|Any CPU
		{6C66DC87-9F58-46D6-AC27-C13E65D02261}.Test|Any CPU.ActiveCfg = Release|Any CPU
		{6C66DC87-9F58-46D6-AC27-C13E65D02261}.Test|Any CPU.Build.0 = Release|Any CPU
		{6C66DC87-9F58-46D6-AC27-C13E65D02261}.Test|ARM.ActiveCfg = Release|Any CPU
		{6C66DC87-9F58-46D6-AC27-C13E65D02261}.Test|Mixed Platforms.ActiveCfg = Release|Any CPU
		{6C66DC87-9F58-46D6-AC27-C13E65D02261}.Test|Mixed Platforms.Build.0 = Release|Any CPU
		{6C66DC87-9F58-46D6-AC27-C13E65D02261}.Test|Win32.ActiveCfg = Release|Any CPU
		{6C66DC87-9F58-46D6-AC27-C13E65D02261}.Test|x64.ActiveCfg = Release|Any CPU
		{6C66DC87-9F58-46D6-AC27-C13E65D02261}.Test|x86.ActiveCfg = Release|Any CPU
	EndGlobalSection
	GlobalSection(SolutionProperties) = preSolution
		HideSolutionNode = FALSE
	EndGlobalSection
EndGlobal
